{
  "version": 4,
  "terraform_version": "1.8.1",
  "serial": 10,
  "lineage": "ce90920c-0cd6-8c66-d040-51c72ec5c705",
  "outputs": {},
  "resources": [
    {
      "mode": "managed",
      "type": "github_branch",
      "name": "development_branch_codebase",
      "provider": "provider[\"registry.terraform.io/integrations/github\"]",
      "instances": [
        {
          "schema_version": 0,
          "attributes": {
            "branch": "dev",
            "etag": "W/\"e657f3d3530495595887cee433202115aa20ec2d634d33994787e5698ac0193d\"",
            "id": "labo-terraform-codebase:dev",
            "ref": "refs/heads/dev",
            "repository": "labo-terraform-codebase",
            "sha": "69e3afdab6f169fa661cad5295053d4801db1d39",
            "source_branch": "main",
            "source_sha": "69e3afdab6f169fa661cad5295053d4801db1d39"
          },
          "sensitive_attributes": [],
          "private": "bnVsbA==",
          "dependencies": [
            "github_repository.labo-terraform-codebase"
          ]
        }
      ]
    },
    {
      "mode": "managed",
      "type": "github_branch",
      "name": "development_branch_webpage",
      "provider": "provider[\"registry.terraform.io/integrations/github\"]",
      "instances": [
        {
          "schema_version": 0,
          "attributes": {
            "branch": "dev",
            "etag": "W/\"62ecc1a18cc4cb4507eedecd587e6c48c7a5c8bc69f3e7a05d33f71ac730ff9c\"",
            "id": "labo-terraform-webpage:dev",
            "ref": "refs/heads/dev",
            "repository": "labo-terraform-webpage",
            "sha": "501977afdc49de578726044fb8bdeb04b992839c",
            "source_branch": "main",
            "source_sha": "501977afdc49de578726044fb8bdeb04b992839c"
          },
          "sensitive_attributes": [],
          "private": "bnVsbA==",
          "dependencies": [
            "github_repository.labo-terraform-webpage"
          ]
        }
      ]
    },
    {
      "mode": "managed",
      "type": "github_branch",
      "name": "feature_branch_codebase",
      "provider": "provider[\"registry.terraform.io/integrations/github\"]",
      "instances": [
        {
          "schema_version": 0,
          "attributes": {
            "branch": "release",
            "etag": "W/\"193ef036bacfb0745dbe9a45698da63bd6800f72f0be804a0d1b8889029084d7\"",
            "id": "labo-terraform-codebase:release",
            "ref": "refs/heads/release",
            "repository": "labo-terraform-codebase",
            "sha": "69e3afdab6f169fa661cad5295053d4801db1d39",
            "source_branch": "main",
            "source_sha": "69e3afdab6f169fa661cad5295053d4801db1d39"
          },
          "sensitive_attributes": [],
          "private": "bnVsbA==",
          "dependencies": [
            "github_repository.labo-terraform-codebase"
          ]
        }
      ]
    },
    {
      "mode": "managed",
      "type": "github_branch",
      "name": "feature_branch_webpage",
      "provider": "provider[\"registry.terraform.io/integrations/github\"]",
      "instances": [
        {
          "schema_version": 0,
          "attributes": {
            "branch": "release",
            "etag": "W/\"7db0375712e400b8bbb1b1ba010a3a4540fc1b59b65460d9efd6d96196941f1c\"",
            "id": "labo-terraform-webpage:release",
            "ref": "refs/heads/release",
            "repository": "labo-terraform-webpage",
            "sha": "501977afdc49de578726044fb8bdeb04b992839c",
            "source_branch": "main",
            "source_sha": "501977afdc49de578726044fb8bdeb04b992839c"
          },
          "sensitive_attributes": [],
          "private": "bnVsbA==",
          "dependencies": [
            "github_repository.labo-terraform-webpage"
          ]
        }
      ]
    },
    {
      "mode": "managed",
      "type": "github_branch",
      "name": "release_branch_codebase",
      "provider": "provider[\"registry.terraform.io/integrations/github\"]",
      "instances": [
        {
          "schema_version": 0,
          "attributes": {
            "branch": "fixes",
            "etag": "W/\"167a642cd8bbeb5d895ac09f7e45de15b91f2a8c90bb98e6ebaaf10a95bc9c0a\"",
            "id": "labo-terraform-codebase:fixes",
            "ref": "refs/heads/fixes",
            "repository": "labo-terraform-codebase",
            "sha": "69e3afdab6f169fa661cad5295053d4801db1d39",
            "source_branch": "main",
            "source_sha": "69e3afdab6f169fa661cad5295053d4801db1d39"
          },
          "sensitive_attributes": [],
          "private": "bnVsbA==",
          "dependencies": [
            "github_repository.labo-terraform-codebase"
          ]
        }
      ]
    },
    {
      "mode": "managed",
      "type": "github_branch",
      "name": "release_branch_webpage",
      "provider": "provider[\"registry.terraform.io/integrations/github\"]",
      "instances": [
        {
          "schema_version": 0,
          "attributes": {
            "branch": "fixes",
            "etag": "W/\"885b12ac1aca19699ac87a84b2b0f054499bac8a6978aa753c32958a83d441e1\"",
            "id": "labo-terraform-webpage:fixes",
            "ref": "refs/heads/fixes",
            "repository": "labo-terraform-webpage",
            "sha": "501977afdc49de578726044fb8bdeb04b992839c",
            "source_branch": "main",
            "source_sha": "501977afdc49de578726044fb8bdeb04b992839c"
          },
          "sensitive_attributes": [],
          "private": "bnVsbA==",
          "dependencies": [
            "github_repository.labo-terraform-webpage"
          ]
        }
      ]
    },
    {
      "mode": "managed",
      "type": "github_membership",
      "name": "membership_for_user_x",
      "provider": "provider[\"registry.terraform.io/integrations/github\"]",
      "instances": [
        {
          "schema_version": 0,
          "attributes": {
            "downgrade_on_destroy": false,
            "etag": "W/\"b23834c91bcb89e842711954d5922cdc5ad4de5b8c7c95cddf0cfe73903fba04\"",
            "id": "lab-tf-at:elramirezn",
            "role": "member",
            "username": "elramirezn"
          },
          "sensitive_attributes": [],
          "private": "bnVsbA=="
        }
      ]
    },
    {
      "mode": "managed",
      "type": "github_repository",
      "name": "labo-terraform-codebase",
      "provider": "provider[\"registry.terraform.io/integrations/github\"]",
      "instances": [
        {
          "schema_version": 1,
          "attributes": {
            "allow_auto_merge": false,
            "allow_merge_commit": true,
            "allow_rebase_merge": true,
            "allow_squash_merge": true,
            "allow_update_branch": true,
            "archive_on_destroy": null,
            "archived": false,
            "auto_init": true,
            "default_branch": "main",
            "delete_branch_on_merge": false,
            "description": "My awesome codebase",
            "etag": "W/\"7a89a4efc7804016268c0cf1c1079d8917c890846bc4476c2757a03099357447\"",
            "full_name": "lab-tf-at/labo-terraform-codebase",
            "git_clone_url": "git://github.com/lab-tf-at/labo-terraform-codebase.git",
            "gitignore_template": null,
            "has_discussions": false,
            "has_downloads": false,
            "has_issues": false,
            "has_projects": false,
            "has_wiki": false,
            "homepage_url": "",
            "html_url": "https://github.com/lab-tf-at/labo-terraform-codebase",
            "http_clone_url": "https://github.com/lab-tf-at/labo-terraform-codebase.git",
            "id": "labo-terraform-codebase",
            "ignore_vulnerability_alerts_during_read": null,
            "is_template": false,
            "license_template": null,
            "merge_commit_message": "PR_TITLE",
            "merge_commit_title": "MERGE_MESSAGE",
            "name": "labo-terraform-codebase",
            "node_id": "R_kgDOL7KU-w",
            "pages": [],
            "primary_language": "",
            "private": false,
            "repo_id": 800232699,
            "security_and_analysis": [
              {
                "advanced_security": [],
                "secret_scanning": [
                  {
                    "status": "disabled"
                  }
                ],
                "secret_scanning_push_protection": [
                  {
                    "status": "disabled"
                  }
                ]
              }
            ],
            "squash_merge_commit_message": "COMMIT_MESSAGES",
            "squash_merge_commit_title": "COMMIT_OR_PR_TITLE",
            "ssh_clone_url": "git@github.com:lab-tf-at/labo-terraform-codebase.git",
            "svn_url": "https://github.com/lab-tf-at/labo-terraform-codebase",
            "template": [],
            "topics": [],
            "visibility": "public",
            "vulnerability_alerts": true,
            "web_commit_signoff_required": false
          },
          "sensitive_attributes": [],
          "private": "eyJzY2hlbWFfdmVyc2lvbiI6IjEifQ=="
        }
      ]
    },
    {
      "mode": "managed",
      "type": "github_repository",
      "name": "labo-terraform-webpage",
      "provider": "provider[\"registry.terraform.io/integrations/github\"]",
      "instances": [
        {
          "schema_version": 1,
          "attributes": {
            "allow_auto_merge": false,
            "allow_merge_commit": true,
            "allow_rebase_merge": true,
            "allow_squash_merge": true,
            "allow_update_branch": false,
            "archive_on_destroy": null,
            "archived": false,
            "auto_init": true,
            "default_branch": "main",
            "delete_branch_on_merge": false,
            "description": "My awesome webpage",
            "etag": "W/\"fcbc4b90e5418982d7316875c801ec79201d44ebaaf9cb7914782120a9864a22\"",
            "full_name": "lab-tf-at/labo-terraform-webpage",
            "git_clone_url": "git://github.com/lab-tf-at/labo-terraform-webpage.git",
            "gitignore_template": null,
            "has_discussions": false,
            "has_downloads": false,
            "has_issues": false,
            "has_projects": false,
            "has_wiki": false,
            "homepage_url": "",
            "html_url": "https://github.com/lab-tf-at/labo-terraform-webpage",
            "http_clone_url": "https://github.com/lab-tf-at/labo-terraform-webpage.git",
            "id": "labo-terraform-webpage",
            "ignore_vulnerability_alerts_during_read": null,
            "is_template": false,
            "license_template": null,
            "merge_commit_message": "PR_TITLE",
            "merge_commit_title": "MERGE_MESSAGE",
            "name": "labo-terraform-webpage",
            "node_id": "R_kgDOL7KU_w",
            "pages": [
              {
                "build_type": "legacy",
                "cname": "",
                "custom_404": false,
                "html_url": "https://lab-tf-at.github.io/labo-terraform-webpage/",
                "source": [
                  {
                    "branch": "main",
                    "path": "/docs"
                  }
                ],
                "status": "building",
                "url": "https://api.github.com/repos/lab-tf-at/labo-terraform-webpage/pages"
              }
            ],
            "primary_language": "",
            "private": false,
            "repo_id": 800232703,
            "security_and_analysis": [
              {
                "advanced_security": [],
                "secret_scanning": [
                  {
                    "status": "disabled"
                  }
                ],
                "secret_scanning_push_protection": [
                  {
                    "status": "disabled"
                  }
                ]
              }
            ],
            "squash_merge_commit_message": "COMMIT_MESSAGES",
            "squash_merge_commit_title": "COMMIT_OR_PR_TITLE",
            "ssh_clone_url": "git@github.com:lab-tf-at/labo-terraform-webpage.git",
            "svn_url": "https://github.com/lab-tf-at/labo-terraform-webpage",
            "template": [],
            "topics": [],
            "visibility": "public",
            "vulnerability_alerts": true,
            "web_commit_signoff_required": false
          },
          "sensitive_attributes": [],
          "private": "eyJzY2hlbWFfdmVyc2lvbiI6IjEifQ=="
        }
      ]
    }
  ],
  "check_results": null
}
